
Microsoft Visual Studio Solution File, Format Version 12.00
# Visual Studio Version 17
VisualStudioVersion = 17.6.33712.159
MinimumVisualStudioVersion = 10.0.40219.1
Project("{FAE04EC0-301F-11D3-BF4B-00C04F79EFBC}") = "MyReact-backend", "MyReact-backend\MyReact-backend.csproj", "{EA79B3C6-B52E-4569-BC00-B33CFAE0C2DF}"
EndProject
Global
	GlobalSection(SolutionConfigurationPlatforms) = preSolution
		Debug|Any CPU = Debug|Any CPU
		Release|Any CPU = Release|Any CPU
	EndGlobalSection
	GlobalSection(ProjectConfigurationPlatforms) = postSolution
		{EA79B3C6-B52E-4569-BC00-B33CFAE0C2DF}.Debug|Any CPU.ActiveCfg = Debug|Any CPU
		{EA79B3C6-B52E-4569-BC00-B33CFAE0C2DF}.Debug|Any CPU.Build.0 = Debug|Any CPU
		{EA79B3C6-B52E-4569-BC00-B33CFAE0C2DF}.Release|Any CPU.ActiveCfg = Release|Any CPU
		{EA79B3C6-B52E-4569-BC00-B33CFAE0C2DF}.Release|Any CPU.Build.0 = Release|Any CPU
	EndGlobalSection
	GlobalSection(SolutionProperties) = preSolution
		HideSolutionNode = FALSE
	EndGlobalSection
	GlobalSection(ExtensibilityGlobals) = postSolution
		SolutionGuid = {A9C34E79-831E-4FB4-8775-5C66F0E77644}
	EndGlobalSection
EndGlobal
